
Microsoft Visual Studio Solution File, Format Version 12.00
# Visual Studio Version 16
VisualStudioVersion = 16.0.31729.503
MinimumVisualStudioVersion = 10.0.40219.1
Project("{FAE04EC0-301F-11D3-BF4B-00C04F79EFBC}") = "Radio Button", "Radio Button\Radio Button.csproj", "{C51E1A6D-AEE5-4D72-885F-5469475825BA}"
EndProject
Global
	GlobalSection(SolutionConfigurationPlatforms) = preSolution
		Debug|Any CPU = Debug|Any CPU
		Release|Any CPU = Release|Any CPU
	EndGlobalSection
	GlobalSection(ProjectConfigurationPlatforms) = postSolution
		{C51E1A6D-AEE5-4D72-885F-5469475825BA}.Debug|Any CPU.ActiveCfg = Debug|Any CPU
		{C51E1A6D-AEE5-4D72-885F-5469475825BA}.Debug|Any CPU.Build.0 = Debug|Any CPU
		{C51E1A6D-AEE5-4D72-885F-5469475825BA}.Release|Any CPU.ActiveCfg = Release|Any CPU
		{C51E1A6D-AEE5-4D72-885F-5469475825BA}.Release|Any CPU.Build.0 = Release|Any CPU
	EndGlobalSection
	GlobalSection(SolutionProperties) = preSolution
		HideSolutionNode = FALSE
	EndGlobalSection
	GlobalSection(ExtensibilityGlobals) = postSolution
		SolutionGuid = {8BDF47C3-EB46-44CC-9BFC-153103AC4F83}
	EndGlobalSection
EndGlobal
